
Microsoft Visual Studio Solution File, Format Version 12.00
# Visual Studio Version 17
VisualStudioVersion = 17.11.35222.181
MinimumVisualStudioVersion = 10.0.40219.1
Project("{FAE04EC0-301F-11D3-BF4B-00C04F79EFBC}") = "Maui_StackLayoutDemo", "Maui_StackLayoutDemo\Maui_StackLayoutDemo.csproj", "{C53480D6-999D-465B-BBCE-E4552321CE04}"
EndProject
Global
	GlobalSection(SolutionConfigurationPlatforms) = preSolution
		Debug|Any CPU = Debug|Any CPU
		Release|Any CPU = Release|Any CPU
	EndGlobalSection
	GlobalSection(ProjectConfigurationPlatforms) = postSolution
		{C53480D6-999D-465B-BBCE-E4552321CE04}.Debug|Any CPU.ActiveCfg = Debug|Any CPU
		{C53480D6-999D-465B-BBCE-E4552321CE04}.Debug|Any CPU.Build.0 = Debug|Any CPU
		{C53480D6-999D-465B-BBCE-E4552321CE04}.Debug|Any CPU.Deploy.0 = Debug|Any CPU
		{C53480D6-999D-465B-BBCE-E4552321CE04}.Release|Any CPU.ActiveCfg = Release|Any CPU
		{C53480D6-999D-465B-BBCE-E4552321CE04}.Release|Any CPU.Build.0 = Release|Any CPU
		{C53480D6-999D-465B-BBCE-E4552321CE04}.Release|Any CPU.Deploy.0 = Release|Any CPU
	EndGlobalSection
	GlobalSection(SolutionProperties) = preSolution
		HideSolutionNode = FALSE
	EndGlobalSection
	GlobalSection(ExtensibilityGlobals) = postSolution
		SolutionGuid = {BB56D921-E648-48C9-8BE8-1662DA4ABD3C}
	EndGlobalSection
EndGlobal
